
Microsoft Visual Studio Solution File, Format Version 12.00
# Visual Studio Version 16
VisualStudioVersion = 16.0.29613.14
MinimumVisualStudioVersion = 10.0.40219.1
Project("{FAE04EC0-301F-11D3-BF4B-00C04F79EFBC}") = "Final Project", "Final Project\Final Project.csproj", "{F157FF31-A819-4E6B-BD20-6DBA544D6732}"
EndProject
Global
	GlobalSection(SolutionConfigurationPlatforms) = preSolution
		Debug|Any CPU = Debug|Any CPU
		Release|Any CPU = Release|Any CPU
	EndGlobalSection
	GlobalSection(ProjectConfigurationPlatforms) = postSolution
		{F157FF31-A819-4E6B-BD20-6DBA544D6732}.Debug|Any CPU.ActiveCfg = Debug|Any CPU
		{F157FF31-A819-4E6B-BD20-6DBA544D6732}.Debug|Any CPU.Build.0 = Debug|Any CPU
		{F157FF31-A819-4E6B-BD20-6DBA544D6732}.Release|Any CPU.ActiveCfg = Release|Any CPU
		{F157FF31-A819-4E6B-BD20-6DBA544D6732}.Release|Any CPU.Build.0 = Release|Any CPU
	EndGlobalSection
	GlobalSection(SolutionProperties) = preSolution
		HideSolutionNode = FALSE
	EndGlobalSection
	GlobalSection(ExtensibilityGlobals) = postSolution
		SolutionGuid = {3E22EAF0-F978-4404-9533-030DB093E5CB}
	EndGlobalSection
EndGlobal
